
Microsoft Visual Studio Solution File, Format Version 12.00
# Visual Studio 15
VisualStudioVersion = 15.0.27130.2020
MinimumVisualStudioVersion = 10.0.40219.1
Project("{FAE04EC0-301F-11D3-BF4B-00C04F79EFBC}") = "NgFilter", "NgFilter\NgFilter.csproj", "{1696A766-A11D-407A-A76D-3F0388B4E5D1}"
EndProject
Global
	GlobalSection(SolutionConfigurationPlatforms) = preSolution
		Debug|Any CPU = Debug|Any CPU
		Release|Any CPU = Release|Any CPU
	EndGlobalSection
	GlobalSection(ProjectConfigurationPlatforms) = postSolution
		{1696A766-A11D-407A-A76D-3F0388B4E5D1}.Debug|Any CPU.ActiveCfg = Debug|Any CPU
		{1696A766-A11D-407A-A76D-3F0388B4E5D1}.Debug|Any CPU.Build.0 = Debug|Any CPU
		{1696A766-A11D-407A-A76D-3F0388B4E5D1}.Release|Any CPU.ActiveCfg = Release|Any CPU
		{1696A766-A11D-407A-A76D-3F0388B4E5D1}.Release|Any CPU.Build.0 = Release|Any CPU
	EndGlobalSection
	GlobalSection(SolutionProperties) = preSolution
		HideSolutionNode = FALSE
	EndGlobalSection
	GlobalSection(ExtensibilityGlobals) = postSolution
		SolutionGuid = {F4ED3F8F-ECBC-48A3-A7E0-3ED813B311F4}
	EndGlobalSection
EndGlobal
